{
  "lockfile_version": "1",
  "packages": {
    "neovim@latest": {
      "last_modified": "2024-07-25T18:56:32Z",
      "resolved": "github:NixOS/nixpkgs/2122a9b35b35719ad9a395fe783eabb092df01b1#neovim",
      "source": "devbox-search",
      "version": "0.10.1",
      "systems": {
        "aarch64-darwin": {
          "outputs": [
            {
              "name": "out",
              "path": "/nix/store/xb3959wfymm41q494bcsr076zhd7iy30-neovim-0.10.1",
              "default": true
            }
          ],
          "store_path": "/nix/store/xb3959wfymm41q494bcsr076zhd7iy30-neovim-0.10.1"
        },
        "aarch64-linux": {
          "outputs": [
            {
              "name": "out",
              "path": "/nix/store/6p8p4i16h9f8s21a95khrx4s7dwhj6cx-neovim-0.10.1",
              "default": true
            }
          ],
          "store_path": "/nix/store/6p8p4i16h9f8s21a95khrx4s7dwhj6cx-neovim-0.10.1"
        },
        "x86_64-darwin": {
          "outputs": [
            {
              "name": "out",
              "path": "/nix/store/4p9b4xm0l8j2ki25v2yszdjdmdawzgd6-neovim-0.10.1",
              "default": true
            }
          ],
          "store_path": "/nix/store/4p9b4xm0l8j2ki25v2yszdjdmdawzgd6-neovim-0.10.1"
        },
        "x86_64-linux": {
          "outputs": [
            {
              "name": "out",
              "path": "/nix/store/r42ydp43zin4plqblhmc21sxbldcd561-neovim-0.10.1",
              "default": true
            }
          ],
          "store_path": "/nix/store/r42ydp43zin4plqblhmc21sxbldcd561-neovim-0.10.1"
        }
      }
    },
    "nodejs@latest": {
      "last_modified": "2024-07-31T08:48:38Z",
      "resolved": "github:NixOS/nixpkgs/c3392ad349a5227f4a3464dce87bcc5046692fce#nodejs_22",
      "source": "devbox-search",
      "version": "22.4.1",
      "systems": {
        "aarch64-darwin": {
          "outputs": [
            {
              "name": "out",
              "path": "/nix/store/z5whjsr6cnqw0ycnylwxmibfr7cdwxrb-nodejs-22.4.1",
              "default": true
            },
            {
              "name": "libv8",
              "path": "/nix/store/vzhng0wwbm0r1p9rdq1kspm0j5b9x0va-nodejs-22.4.1-libv8"
            }
          ],
          "store_path": "/nix/store/z5whjsr6cnqw0ycnylwxmibfr7cdwxrb-nodejs-22.4.1"
        },
        "aarch64-linux": {
          "outputs": [
            {
              "name": "out",
              "path": "/nix/store/2c0qimdjslxal42s4m10zj95f9r11l4l-nodejs-22.4.1",
              "default": true
            },
            {
              "name": "libv8",
              "path": "/nix/store/aq9wvafy8svx7fgkm2w0yig3aqmkbqc8-nodejs-22.4.1-libv8"
            }
          ],
          "store_path": "/nix/store/2c0qimdjslxal42s4m10zj95f9r11l4l-nodejs-22.4.1"
        },
        "x86_64-darwin": {
          "outputs": [
            {
              "name": "out",
              "path": "/nix/store/5l6flz4fpax64nzivg2r815pvllj2dml-nodejs-22.4.1",
              "default": true
            },
            {
              "name": "libv8",
              "path": "/nix/store/5wwl7dh3xmnrah4f98713i93m43d02a5-nodejs-22.4.1-libv8"
            }
          ],
          "store_path": "/nix/store/5l6flz4fpax64nzivg2r815pvllj2dml-nodejs-22.4.1"
        },
        "x86_64-linux": {
          "outputs": [
            {
              "name": "out",
              "path": "/nix/store/w8rva81863ls2ic3qc72mdzpzm0skyrm-nodejs-22.4.1",
              "default": true
            },
            {
              "name": "libv8",
              "path": "/nix/store/93cvy69p4g2mrbjjkj5dxh8zin047nl5-nodejs-22.4.1-libv8"
            }
          ],
          "store_path": "/nix/store/w8rva81863ls2ic3qc72mdzpzm0skyrm-nodejs-22.4.1"
        }
      }
    },
    "ripgrep@latest": {
      "last_modified": "2024-07-07T07:43:47Z",
      "resolved": "github:NixOS/nixpkgs/b60793b86201040d9dee019a05089a9150d08b5b#ripgrep",
      "source": "devbox-search",
      "version": "14.1.0",
      "systems": {
        "aarch64-darwin": {
          "outputs": [
            {
              "name": "out",
              "path": "/nix/store/r4j728a9dl51w94c68aziqirrwn3vcp6-ripgrep-14.1.0",
              "default": true
            }
          ],
          "store_path": "/nix/store/r4j728a9dl51w94c68aziqirrwn3vcp6-ripgrep-14.1.0"
        },
        "aarch64-linux": {
          "outputs": [
            {
              "name": "out",
              "path": "/nix/store/j3z754pmsk512a0i1xm2a9b0gghxmfqg-ripgrep-14.1.0",
              "default": true
            }
          ],
          "store_path": "/nix/store/j3z754pmsk512a0i1xm2a9b0gghxmfqg-ripgrep-14.1.0"
        },
        "x86_64-darwin": {
          "outputs": [
            {
              "name": "out",
              "path": "/nix/store/vqi673s0ifaqh6kab3j018a8jz598966-ripgrep-14.1.0",
              "default": true
            }
          ],
          "store_path": "/nix/store/vqi673s0ifaqh6kab3j018a8jz598966-ripgrep-14.1.0"
        },
        "x86_64-linux": {
          "outputs": [
            {
              "name": "out",
              "path": "/nix/store/fnfmwb3s676q4hz9izxp1x1mpby2z75x-ripgrep-14.1.0",
              "default": true
            }
          ],
          "store_path": "/nix/store/fnfmwb3s676q4hz9izxp1x1mpby2z75x-ripgrep-14.1.0"
        }
      }
    }
  }
}
